
Microsoft Visual Studio Solution File, Format Version 12.00
# Visual Studio 15
VisualStudioVersion = 15.0.28307.645
MinimumVisualStudioVersion = 10.0.40219.1
Project("{FAE04EC0-301F-11D3-BF4B-00C04F79EFBC}") = "WebApi", "WebApi\WebApi.csproj", "{E86AE6BE-46FE-4DE8-9B58-58E614687FF9}"
EndProject
Global
	GlobalSection(SolutionConfigurationPlatforms) = preSolution
		Debug|Any CPU = Debug|Any CPU
		Release|Any CPU = Release|Any CPU
	EndGlobalSection
	GlobalSection(ProjectConfigurationPlatforms) = postSolution
		{E86AE6BE-46FE-4DE8-9B58-58E614687FF9}.Debug|Any CPU.ActiveCfg = Debug|Any CPU
		{E86AE6BE-46FE-4DE8-9B58-58E614687FF9}.Debug|Any CPU.Build.0 = Debug|Any CPU
		{E86AE6BE-46FE-4DE8-9B58-58E614687FF9}.Release|Any CPU.ActiveCfg = Release|Any CPU
		{E86AE6BE-46FE-4DE8-9B58-58E614687FF9}.Release|Any CPU.Build.0 = Release|Any CPU
	EndGlobalSection
	GlobalSection(SolutionProperties) = preSolution
		HideSolutionNode = FALSE
	EndGlobalSection
	GlobalSection(ExtensibilityGlobals) = postSolution
		SolutionGuid = {33683F15-BEE1-48B1-B6B7-8D7726D89FD9}
	EndGlobalSection
EndGlobal
